# Auto-generated by loft — do not edit by hand.
# Run `loft install` to update.
schema_version = 1

[[package]]
name = "graphics"
version = "0.9.7"
url = "https://github.com/loft-lang/loft-libs-graphics/releases/download/graphics-v0.9.7/graphics-0.9.7.tar.gz"
sha256 = "b318a369a3662dd275b3b3bd225db082ca6feb46db1d67bcf3a17d12cc20bc2c"
source = "registry"
deps = ["glb", "mesh3d"]

[[package]]
name = "random"
version = "0.3.3"
url = "https://github.com/loft-lang/loft-libs-core/releases/download/random-v0.3.3/random-0.3.3.tar.gz"
sha256 = "c05f1aa51f74e9dcc7004c112160ccbfecfc9d07c02d4e7a721051f5ddcbc447"
source = "registry"

[[package]]
name = "hex_grid"
version = "0.1.2"
url = "https://github.com/loft-lang/loft-libs-world/releases/download/hex_grid-v0.1.2/hex_grid-0.1.2.tar.gz"
sha256 = "3555008637ffd46b097c4fca0805ac30806987a1922098b8a396d2c5ce10a92d"
source = "registry"

[[package]]
name = "hex_terrain"
version = "0.1.3"
url = "https://github.com/loft-lang/loft-libs-world/releases/download/hex_terrain-v0.1.3/hex_terrain-0.1.3.tar.gz"
sha256 = "237766b0558edc8b209cc7335f9fbeda2e56536d320da973b2314c41665a84a1"
source = "registry"
deps = ["hex_grid"]

[[package]]
name = "glb"
version = "0.1.5"
url = "https://github.com/loft-lang/loft-libs-assets/releases/download/glb-v0.1.5/glb-0.1.5.tar.gz"
sha256 = "7bd63cea72d95be855e483287709f68d5223cd93f7342d20fc371e59933ed5d2"
source = "registry"
deps = ["mesh3d"]

[[package]]
name = "mesh3d"
version = "0.1.3"
url = "https://github.com/loft-lang/loft-libs-assets/releases/download/mesh3d-v0.1.3/mesh3d-0.1.3.tar.gz"
sha256 = "ee32ff3481c4272fcc1ae8781bf6668a95ba2b351dc702b91bbd8a26552520dc"
source = "registry"

[[package]]
name = "hex_field"
version = "0.1.5"
url = "https://github.com/loft-lang/loft-libs-world/releases/download/hex_field-v0.1.5/hex_field-0.1.5.tar.gz"
sha256 = "bacdd1b89b611c08a0ddfcc71bdf41f9354ea674ba24e3e9d770690204352b1e"
source = "registry"

[[package]]
name = "hex_edge"
version = "0.2.3"
url = "https://github.com/loft-lang/loft-libs-world/releases/download/hex_edge-v0.2.3/hex_edge-0.2.3.tar.gz"
sha256 = "0e42b73fa677fd11dde15879d08752aca6f0bfe3543ed47d9ca8f263d102c923"
source = "registry"
deps = ["hex_field"]

[[package]]
name = "hex_way"
version = "0.1.4"
url = "https://github.com/loft-lang/loft-libs-world/releases/download/hex_way-v0.1.4/hex_way-0.1.4.tar.gz"
sha256 = "e6caea56d051aa065613dc8e0b9f06cc0e29d35749e17e853ef404d538528442"
source = "registry"
deps = ["hex_edge", "hex_field"]

[[package]]
name = "hex_roof"
version = "0.1.5"
url = "https://github.com/loft-lang/loft-libs-world/releases/download/hex_roof-v0.1.5/hex_roof-0.1.5.tar.gz"
sha256 = "49c34d77fc681a2d42db516dafc4fffd7b2d84ceedde7abfc5cb0009ed3cd672"
source = "registry"
deps = ["hex_field", "hex_way"]
